Microsoft Visual Studio Solution File, Format Version 11.00
# Visual Studio 2008

Project("{31DB4E26-F5F5-484D-D02E-E34CD73749AE}") = "bcassid5_RockPaperScissor", "Assembly-CSharp.csproj", "{E9231CB0-2308-E671-D780-866B1CEEAAAC}"
EndProject
Global
	GlobalSection(SolutionConfigurationPlatforms) = preSolution
		Debug|Any CPU = Debug|Any CPU
		Release|Any CPU = Release|Any CPU
	EndGlobalSection
	GlobalSection(ProjectConfigurationPlatforms) = postSolution
		{E9231CB0-2308-E671-D780-866B1CEEAAAC}.Debug|Any CPU.ActiveCfg = Debug|Any CPU
		{E9231CB0-2308-E671-D780-866B1CEEAAAC}.Debug|Any CPU.Build.0 = Debug|Any CPU
		{E9231CB0-2308-E671-D780-866B1CEEAAAC}.Release|Any CPU.ActiveCfg = Release|Any CPU
		{E9231CB0-2308-E671-D780-866B1CEEAAAC}.Release|Any CPU.Build.0 = Release|Any CPU
	EndGlobalSection
	GlobalSection(SolutionProperties) = preSolution
		HideSolutionNode = FALSE
	EndGlobalSection
	GlobalSection(MonoDevelopProperties) = preSolution
		StartupItem = Assembly-CSharp.csproj
	EndGlobalSection
EndGlobal
